# This file is automatically @generated by Cargo.
# It is not intended for manual editing.
version = 3

[[package]]
name = "colosseo-monitor"
version = "0.1.0"
dependencies = [
 "anyhow",
 "chrono",
 "config",
 "crossbeam",
 "getrandom",
 "image",
 "parking_lot",
 "prometheus",
 "rand",
 "redis",
 "reqwest",
 "rustls",
 "scraper",
 "serde",
 "serde_json",
 "thiserror",
 "tokio",
 "tokio-stream",
 "tokio-util",
 "tonic",
 "tonic-build",
 "tracing",
 "tracing-subscriber",
 "uuid",
 "webpki-roots",
]
